{
  "name": "node-red-contrib-openid",
  "version": "1.1.0",
  "lockfileVersion": 1,
  "requires": true,
  "dependencies": {
    "jose": {
      "version": "4.15.7",
      "resolved": "https://registry.npmjs.org/jose/-/jose-4.15.7.tgz",
      "integrity": "sha512-L7ioP+JAuZe8v+T5+zVI9Tx8LtU8BL7NxkyDFVMv+Qr3JW0jSoYDedLtodaXwfqMpeCyx4WXFNyu9tJt4WvC1A=="
    },
    "lru-cache": {
      "version": "6.0.0",
      "resolved": "https://registry.npmjs.org/lru-cache/-/lru-cache-6.0.0.tgz",
      "integrity": "sha512-Jo6dJ04CmSjuznwJSS3pUeWmd/H0ffTlkXXgwZi+eq1UCmqQwCh+eLsYOYCwY991i2Fah4h1BEMCx4qThGbsiA==",
      "requires": {
        "yallist": "^4.0.0"
      }
    },
    "object-hash": {
      "version": "2.2.0",
      "resolved": "https://registry.npmjs.org/object-hash/-/object-hash-2.2.0.tgz",
      "integrity": "sha512-gScRMn0bS5fH+IuwyIFgnh9zBdo4DV+6GhygmWM9HyNJSgS0hScp1f5vjtm7oIIOiT9trXrShAkLFSc2IqKNgw=="
    },
    "oidc-token-hash": {
      "version": "5.0.3",
      "resolved": "https://registry.npmjs.org/oidc-token-hash/-/oidc-token-hash-5.0.3.tgz",
      "integrity": "sha512-IF4PcGgzAr6XXSff26Sk/+P4KZFJVuHAJZj3wgO3vX2bMdNVp/QXTP3P7CEm9V1IdG8lDLY3HhiqpsE/nOwpPw=="
    },
    "openid-client": {
      "version": "5.6.5",
      "resolved": "https://registry.npmjs.org/openid-client/-/openid-client-5.6.5.tgz",
      "integrity": "sha512-5P4qO9nGJzB5PI0LFlhj4Dzg3m4odt0qsJTfyEtZyOlkgpILwEioOhVVJOrS1iVH494S4Ee5OCjjg6Bf5WOj3w==",
      "requires": {
        "jose": "^4.15.5",
        "lru-cache": "^6.0.0",
        "object-hash": "^2.2.0",
        "oidc-token-hash": "^5.0.3"
      }
    },
    "yallist": {
      "version": "4.0.0",
      "resolved": "https://registry.npmjs.org/yallist/-/yallist-4.0.0.tgz",
      "integrity": "sha512-3wdGidZyq5PB084XLES5TpOSRA3wjXAlIWMhum2kRcv/41Sn2emQ0dycQW4uZXLejwKvg6EsvbdlVL+FYEct7A=="
    }
  }
}
